// !$*UTF8*$!
{
	archiveVersion = 1;
	classes = {
	};
	objectVersion = 77;
	objects = {

/* Begin PBXBuildFile section */
		4389F3A22D010C0100BE5216 /* MaestroKit.framework in Frameworks */ = {isa = PBXBuildFile; fileRef = 4389F3982D010C0100BE5216 /* MaestroKit.framework */; };
		4389F3C12D010F8A00BE5216 /* PDFKit.framework in Frameworks */ = {isa = PBXBuildFile; fileRef = 4389F3C02D010F8A00BE5216 /* PDFKit.framework */; };
		4389F3C32D010F9500BE5216 /* AppKit.framework in Frameworks */ = {isa = PBXBuildFile; fileRef = 4389F3C22D010F9500BE5216 /* AppKit.framework */; };
		4389F47E2D03536A00BE5216 /* Algorithms in Frameworks */ = {isa = PBXBuildFile; productRef = 4389F47D2D03536A00BE5216 /* Algorithms */; };
/* End PBXBuildFile section */

/* Begin PBXContainerItemProxy section */
		4389F35B2D00C8A700BE5216 /* PBXContainerItemProxy */ = {
			isa = PBXContainerItemProxy;
			containerPortal = 4389F3412D00C8A100BE5216 /* Project object */;
			proxyType = 1;
			remoteGlobalIDString = 4389F3482D00C8A100BE5216;
			remoteInfo = Maestro;
		};
		4389F3652D00C8A700BE5216 /* PBXContainerItemProxy */ = {
			isa = PBXContainerItemProxy;
			containerPortal = 4389F3412D00C8A100BE5216 /* Project object */;
			proxyType = 1;
			remoteGlobalIDString = 4389F3482D00C8A100BE5216;
			remoteInfo = Maestro;
		};
		4389F3A32D010C0100BE5216 /* PBXContainerItemProxy */ = {
			isa = PBXContainerItemProxy;
			containerPortal = 4389F3412D00C8A100BE5216 /* Project object */;
			proxyType = 1;
			remoteGlobalIDString = 4389F3972D010C0100BE5216;
			remoteInfo = MaestroKit;
		};
		4389F3A52D010C0100BE5216 /* PBXContainerItemProxy */ = {
			isa = PBXContainerItemProxy;
			containerPortal = 4389F3412D00C8A100BE5216 /* Project object */;
			proxyType = 1;
			remoteGlobalIDString = 4389F3482D00C8A100BE5216;
			remoteInfo = Maestro;
		};
/* End PBXContainerItemProxy section */

/* Begin PBXFileReference section */
		4389F3492D00C8A100BE5216 /* Maestro.app */ = {isa = PBXFileReference; explicitFileType = wrapper.application; includeInIndex = 0; path = Maestro.app; sourceTree = BUILT_PRODUCTS_DIR; };
		4389F35A2D00C8A700BE5216 /* MaestroTests.xctest */ = {isa = PBXFileReference; explicitFileType = wrapper.cfbundle; includeInIndex = 0; path = MaestroTests.xctest; sourceTree = BUILT_PRODUCTS_DIR; };
		4389F3642D00C8A700BE5216 /* MaestroUITests.xctest */ = {isa = PBXFileReference; explicitFileType = wrapper.cfbundle; includeInIndex = 0; path = MaestroUITests.xctest; sourceTree = BUILT_PRODUCTS_DIR; };
		4389F3982D010C0100BE5216 /* MaestroKit.framework */ = {isa = PBXFileReference; explicitFileType = wrapper.framework; includeInIndex = 0; path = MaestroKit.framework; sourceTree = BUILT_PRODUCTS_DIR; };
		4389F3A12D010C0100BE5216 /* MaestroKitTests.xctest */ = {isa = PBXFileReference; explicitFileType = wrapper.cfbundle; includeInIndex = 0; path = MaestroKitTests.xctest; sourceTree = BUILT_PRODUCTS_DIR; };
		4389F3C02D010F8A00BE5216 /* PDFKit.framework */ = {isa = PBXFileReference; lastKnownFileType = wrapper.framework; name = PDFKit.framework; path = System/Library/Frameworks/PDFKit.framework; sourceTree = SDKROOT; };
		4389F3C22D010F9500BE5216 /* AppKit.framework */ = {isa = PBXFileReference; lastKnownFileType = wrapper.framework; name = AppKit.framework; path = System/Library/Frameworks/AppKit.framework; sourceTree = SDKROOT; };
/* End PBXFileReference section */

/* Begin PBXFileSystemSynchronizedRootGroup section */
		4389F34B2D00C8A100BE5216 /* Maestro */ = {
			isa = PBXFileSystemSynchronizedRootGroup;
			path = Maestro;
			sourceTree = "<group>";
		};
		4389F35D2D00C8A700BE5216 /* MaestroTests */ = {
			isa = PBXFileSystemSynchronizedRootGroup;
			path = MaestroTests;
			sourceTree = "<group>";
		};
		4389F3672D00C8A700BE5216 /* MaestroUITests */ = {
			isa = PBXFileSystemSynchronizedRootGroup;
			path = MaestroUITests;
			sourceTree = "<group>";
		};
/* End PBXFileSystemSynchronizedRootGroup section */

/* Begin PBXFrameworksBuildPhase section */
		4389F3462D00C8A100BE5216 /* Frameworks */ = {
			isa = PBXFrameworksBuildPhase;
			buildActionMask = 2147483647;
			files = (
				4389F47E2D03536A00BE5216 /* Algorithms in Frameworks */,
			);
			runOnlyForDeploymentPostprocessing = 0;
		};
		4389F3572D00C8A700BE5216 /* Frameworks */ = {
			isa = PBXFrameworksBuildPhase;
			buildActionMask = 2147483647;
			files = (
			);
			runOnlyForDeploymentPostprocessing = 0;
		};
		4389F3612D00C8A700BE5216 /* Frameworks */ = {
			isa = PBXFrameworksBuildPhase;
			buildActionMask = 2147483647;
			files = (
			);
			runOnlyForDeploymentPostprocessing = 0;
		};
		4389F3952D010C0100BE5216 /* Frameworks */ = {
			isa = PBXFrameworksBuildPhase;
			buildActionMask = 2147483647;
			files = (
				4389F3C32D010F9500BE5216 /* AppKit.framework in Frameworks */,
				4389F3C12D010F8A00BE5216 /* PDFKit.framework in Frameworks */,
			);
			runOnlyForDeploymentPostprocessing = 0;
		};
		4389F39E2D010C0100BE5216 /* Frameworks */ = {
			isa = PBXFrameworksBuildPhase;
			buildActionMask = 2147483647;
			files = (
				4389F3A22D010C0100BE5216 /* MaestroKit.framework in Frameworks */,
			);
			runOnlyForDeploymentPostprocessing = 0;
		};
/* End PBXFrameworksBuildPhase section */

/* Begin PBXGroup section */
		4389F3402D00C8A100BE5216 = {
			isa = PBXGroup;
			children = (
				4389F34B2D00C8A100BE5216 /* Maestro */,
				4389F35D2D00C8A700BE5216 /* MaestroTests */,
				4389F3672D00C8A700BE5216 /* MaestroUITests */,
				4389F3BF2D010F8A00BE5216 /* Frameworks */,
				4389F34A2D00C8A100BE5216 /* Products */,
			);
			sourceTree = "<group>";
		};
		4389F34A2D00C8A100BE5216 /* Products */ = {
			isa = PBXGroup;
			children = (
				4389F3492D00C8A100BE5216 /* Maestro.app */,
				4389F35A2D00C8A700BE5216 /* MaestroTests.xctest */,
				4389F3642D00C8A700BE5216 /* MaestroUITests.xctest */,
				4389F3982D010C0100BE5216 /* MaestroKit.framework */,
				4389F3A12D010C0100BE5216 /* MaestroKitTests.xctest */,
			);
			name = Products;
			sourceTree = "<group>";
		};
		4389F3BF2D010F8A00BE5216 /* Frameworks */ = {
			isa = PBXGroup;
			children = (
				4389F3C22D010F9500BE5216 /* AppKit.framework */,
				4389F3C02D010F8A00BE5216 /* PDFKit.framework */,
			);
			name = Frameworks;
			sourceTree = "<group>";
		};
/* End PBXGroup section */

/* Begin PBXHeadersBuildPhase section */
		4389F3932D010C0100BE5216 /* Headers */ = {
			isa = PBXHeadersBuildPhase;
			buildActionMask = 2147483647;
			files = (
			);
			runOnlyForDeploymentPostprocessing = 0;
		};
/* End PBXHeadersBuildPhase section */

/* Begin PBXNativeTarget section */
		4389F3482D00C8A100BE5216 /* Maestro */ = {
			isa = PBXNativeTarget;
			buildConfigurationList = 4389F36E2D00C8A700BE5216 /* Build configuration list for PBXNativeTarget "Maestro" */;
			buildPhases = (
				4389F3452D00C8A100BE5216 /* Sources */,
				4389F3462D00C8A100BE5216 /* Frameworks */,
				4389F3472D00C8A100BE5216 /* Resources */,
			);
			buildRules = (
			);
			dependencies = (
			);
			fileSystemSynchronizedGroups = (
				4389F34B2D00C8A100BE5216 /* Maestro */,
			);
			name = Maestro;
			packageProductDependencies = (
				4389F47D2D03536A00BE5216 /* Algorithms */,
			);
			productName = Maestro;
			productReference = 4389F3492D00C8A100BE5216 /* Maestro.app */;
			productType = "com.apple.product-type.application";
		};
		4389F3592D00C8A700BE5216 /* MaestroTests */ = {
			isa = PBXNativeTarget;
			buildConfigurationList = 4389F3712D00C8A700BE5216 /* Build configuration list for PBXNativeTarget "MaestroTests" */;
			buildPhases = (
				4389F3562D00C8A700BE5216 /* Sources */,
				4389F3572D00C8A700BE5216 /* Frameworks */,
				4389F3582D00C8A700BE5216 /* Resources */,
			);
			buildRules = (
			);
			dependencies = (
				4389F35C2D00C8A700BE5216 /* PBXTargetDependency */,
			);
			fileSystemSynchronizedGroups = (
				4389F35D2D00C8A700BE5216 /* MaestroTests */,
			);
			name = MaestroTests;
			packageProductDependencies = (
			);
			productName = MaestroTests;
			productReference = 4389F35A2D00C8A700BE5216 /* MaestroTests.xctest */;
			productType = "com.apple.product-type.bundle.unit-test";
		};
		4389F3632D00C8A700BE5216 /* MaestroUITests */ = {
			isa = PBXNativeTarget;
			buildConfigurationList = 4389F3742D00C8A700BE5216 /* Build configuration list for PBXNativeTarget "MaestroUITests" */;
			buildPhases = (
				4389F3602D00C8A700BE5216 /* Sources */,
				4389F3612D00C8A700BE5216 /* Frameworks */,
				4389F3622D00C8A700BE5216 /* Resources */,
			);
			buildRules = (
			);
			dependencies = (
				4389F3662D00C8A700BE5216 /* PBXTargetDependency */,
			);
			fileSystemSynchronizedGroups = (
				4389F3672D00C8A700BE5216 /* MaestroUITests */,
			);
			name = MaestroUITests;
			packageProductDependencies = (
			);
			productName = MaestroUITests;
			productReference = 4389F3642D00C8A700BE5216 /* MaestroUITests.xctest */;
			productType = "com.apple.product-type.bundle.ui-testing";
		};
		4389F3972D010C0100BE5216 /* MaestroKit */ = {
			isa = PBXNativeTarget;
			buildConfigurationList = 4389F3B02D010C0100BE5216 /* Build configuration list for PBXNativeTarget "MaestroKit" */;
			buildPhases = (
				4389F3932D010C0100BE5216 /* Headers */,
				4389F3942D010C0100BE5216 /* Sources */,
				4389F3952D010C0100BE5216 /* Frameworks */,
				4389F3962D010C0100BE5216 /* Resources */,
			);
			buildRules = (
			);
			dependencies = (
			);
			name = MaestroKit;
			packageProductDependencies = (
			);
			productName = MaestroKit;
			productReference = 4389F3982D010C0100BE5216 /* MaestroKit.framework */;
			productType = "com.apple.product-type.framework";
		};
		4389F3A02D010C0100BE5216 /* MaestroKitTests */ = {
			isa = PBXNativeTarget;
			buildConfigurationList = 4389F3B42D010C0100BE5216 /* Build configuration list for PBXNativeTarget "MaestroKitTests" */;
			buildPhases = (
				4389F39D2D010C0100BE5216 /* Sources */,
				4389F39E2D010C0100BE5216 /* Frameworks */,
				4389F39F2D010C0100BE5216 /* Resources */,
			);
			buildRules = (
			);
			dependencies = (
				4389F3A42D010C0100BE5216 /* PBXTargetDependency */,
				4389F3A62D010C0100BE5216 /* PBXTargetDependency */,
			);
			name = MaestroKitTests;
			packageProductDependencies = (
			);
			productName = MaestroKitTests;
			productReference = 4389F3A12D010C0100BE5216 /* MaestroKitTests.xctest */;
			productType = "com.apple.product-type.bundle.unit-test";
		};
/* End PBXNativeTarget section */

/* Begin PBXProject section */
		4389F3412D00C8A100BE5216 /* Project object */ = {
			isa = PBXProject;
			attributes = {
				BuildIndependentTargetsInParallel = 1;
				LastSwiftUpdateCheck = 1610;
				LastUpgradeCheck = 1620;
				TargetAttributes = {
					4389F3482D00C8A100BE5216 = {
						CreatedOnToolsVersion = 16.1;
					};
					4389F3592D00C8A700BE5216 = {
						CreatedOnToolsVersion = 16.1;
						TestTargetID = 4389F3482D00C8A100BE5216;
					};
					4389F3632D00C8A700BE5216 = {
						CreatedOnToolsVersion = 16.1;
						TestTargetID = 4389F3482D00C8A100BE5216;
					};
					4389F3972D010C0100BE5216 = {
						CreatedOnToolsVersion = 16.1;
					};
					4389F3A02D010C0100BE5216 = {
						CreatedOnToolsVersion = 16.1;
						TestTargetID = 4389F3482D00C8A100BE5216;
					};
				};
			};
			buildConfigurationList = 4389F3442D00C8A100BE5216 /* Build configuration list for PBXProject "Maestro" */;
			developmentRegion = en;
			hasScannedForEncodings = 0;
			knownRegions = (
				en,
				Base,
			);
			mainGroup = 4389F3402D00C8A100BE5216;
			minimizedProjectReferenceProxies = 1;
			packageReferences = (
				4389F47C2D03529E00BE5216 /* XCRemoteSwiftPackageReference "swift-algorithms" */,
			);
			preferredProjectObjectVersion = 77;
			productRefGroup = 4389F34A2D00C8A100BE5216 /* Products */;
			projectDirPath = "";
			projectRoot = "";
			targets = (
				4389F3482D00C8A100BE5216 /* Maestro */,
				4389F3592D00C8A700BE5216 /* MaestroTests */,
				4389F3632D00C8A700BE5216 /* MaestroUITests */,
				4389F3972D010C0100BE5216 /* MaestroKit */,
				4389F3A02D010C0100BE5216 /* MaestroKitTests */,
			);
		};
/* End PBXProject section */

/* Begin PBXResourcesBuildPhase section */
		4389F3472D00C8A100BE5216 /* Resources */ = {
			isa = PBXResourcesBuildPhase;
			buildActionMask = 2147483647;
			files = (
			);
			runOnlyForDeploymentPostprocessing = 0;
		};
		4389F3582D00C8A700BE5216 /* Resources */ = {
			isa = PBXResourcesBuildPhase;
			buildActionMask = 2147483647;
			files = (
			);
			runOnlyForDeploymentPostprocessing = 0;
		};
		4389F3622D00C8A700BE5216 /* Resources */ = {
			isa = PBXResourcesBuildPhase;
			buildActionMask = 2147483647;
			files = (
			);
			runOnlyForDeploymentPostprocessing = 0;
		};
		4389F3962D010C0100BE5216 /* Resources */ = {
			isa = PBXResourcesBuildPhase;
			buildActionMask = 2147483647;
			files = (
			);
			runOnlyForDeploymentPostprocessing = 0;
		};
		4389F39F2D010C0100BE5216 /* Resources */ = {
			isa = PBXResourcesBuildPhase;
			buildActionMask = 2147483647;
			files = (
			);
			runOnlyForDeploymentPostprocessing = 0;
		};
/* End PBXResourcesBuildPhase section */

/* Begin PBXSourcesBuildPhase section */
		4389F3452D00C8A100BE5216 /* Sources */ = {
			isa = PBXSourcesBuildPhase;
			buildActionMask = 2147483647;
			files = (
			);
			runOnlyForDeploymentPostprocessing = 0;
		};
		4389F3562D00C8A700BE5216 /* Sources */ = {
			isa = PBXSourcesBuildPhase;
			buildActionMask = 2147483647;
			files = (
			);
			runOnlyForDeploymentPostprocessing = 0;
		};
		4389F3602D00C8A700BE5216 /* Sources */ = {
			isa = PBXSourcesBuildPhase;
			buildActionMask = 2147483647;
			files = (
			);
			runOnlyForDeploymentPostprocessing = 0;
		};
		4389F3942D010C0100BE5216 /* Sources */ = {
			isa = PBXSourcesBuildPhase;
			buildActionMask = 2147483647;
			files = (
			);
			runOnlyForDeploymentPostprocessing = 0;
		};
		4389F39D2D010C0100BE5216 /* Sources */ = {
			isa = PBXSourcesBuildPhase;
			buildActionMask = 2147483647;
			files = (
			);
			runOnlyForDeploymentPostprocessing = 0;
		};
/* End PBXSourcesBuildPhase section */

/* Begin PBXTargetDependency section */
		4389F35C2D00C8A700BE5216 /* PBXTargetDependency */ = {
			isa = PBXTargetDependency;
			target = 4389F3482D00C8A100BE5216 /* Maestro */;
			targetProxy = 4389F35B2D00C8A700BE5216 /* PBXContainerItemProxy */;
		};
		4389F3662D00C8A700BE5216 /* PBXTargetDependency */ = {
			isa = PBXTargetDependency;
			target = 4389F3482D00C8A100BE5216 /* Maestro */;
			targetProxy = 4389F3652D00C8A700BE5216 /* PBXContainerItemProxy */;
		};
		4389F3A42D010C0100BE5216 /* PBXTargetDependency */ = {
			isa = PBXTargetDependency;
			target = 4389F3972D010C0100BE5216 /* MaestroKit */;
			targetProxy = 4389F3A32D010C0100BE5216 /* PBXContainerItemProxy */;
		};
		4389F3A62D010C0100BE5216 /* PBXTargetDependency */ = {
			isa = PBXTargetDependency;
			target = 4389F3482D00C8A100BE5216 /* Maestro */;
			targetProxy = 4389F3A52D010C0100BE5216 /* PBXContainerItemProxy */;
		};
/* End PBXTargetDependency section */

/* Begin XCBuildConfiguration section */
		4389F36C2D00C8A700BE5216 /* Debug */ = {
			isa = XCBuildConfiguration;
			buildSettings = {
				ALWAYS_SEARCH_USER_PATHS = NO;
				ASSETCATALOG_COMPILER_GENERATE_SWIFT_ASSET_SYMBOL_EXTENSIONS = YES;
				CLANG_ANALYZER_NONNULL = YES;
				CLANG_ANALYZER_NUMBER_OBJECT_CONVERSION = YES_AGGRESSIVE;
				CLANG_CXX_LANGUAGE_STANDARD = "gnu++20";
				CLANG_ENABLE_MODULES = YES;
				CLANG_ENABLE_OBJC_ARC = YES;
				CLANG_ENABLE_OBJC_WEAK = YES;
				CLANG_WARN_BLOCK_CAPTURE_AUTORELEASING = YES;
				CLANG_WARN_BOOL_CONVERSION = YES;
				CLANG_WARN_COMMA = YES;
				CLANG_WARN_CONSTANT_CONVERSION = YES;
				CLANG_WARN_DEPRECATED_OBJC_IMPLEMENTATIONS = YES;
				CLANG_WARN_DIRECT_OBJC_ISA_USAGE = YES_ERROR;
				CLANG_WARN_DOCUMENTATION_COMMENTS = YES;
				CLANG_WARN_EMPTY_BODY = YES;
				CLANG_WARN_ENUM_CONVERSION = YES;
				CLANG_WARN_INFINITE_RECURSION = YES;
				CLANG_WARN_INT_CONVERSION = YES;
				CLANG_WARN_NON_LITERAL_NULL_CONVERSION = YES;
				CLANG_WARN_OBJC_IMPLICIT_RETAIN_SELF = YES;
				CLANG_WARN_OBJC_LITERAL_CONVERSION = YES;
				CLANG_WARN_OBJC_ROOT_CLASS = YES_ERROR;
				CLANG_WARN_QUOTED_INCLUDE_IN_FRAMEWORK_HEADER = YES;
				CLANG_WARN_RANGE_LOOP_ANALYSIS = YES;
				CLANG_WARN_STRICT_PROTOTYPES = YES;
				CLANG_WARN_SUSPICIOUS_MOVE = YES;
				CLANG_WARN_UNGUARDED_AVAILABILITY = YES_AGGRESSIVE;
				CLANG_WARN_UNREACHABLE_CODE = YES;
				CLANG_WARN__DUPLICATE_METHOD_MATCH = YES;
				COPY_PHASE_STRIP = NO;
				DEAD_CODE_STRIPPING = YES;
				DEBUG_INFORMATION_FORMAT = dwarf;
				ENABLE_STRICT_OBJC_MSGSEND = YES;
				ENABLE_TESTABILITY = YES;
				ENABLE_USER_SCRIPT_SANDBOXING = YES;
				FRAMEWORK_SEARCH_PATHS = "$(BUILT_PRODUCTS_DIR)";
				GCC_C_LANGUAGE_STANDARD = gnu17;
				GCC_DYNAMIC_NO_PIC = NO;
				GCC_NO_COMMON_BLOCKS = YES;
				GCC_OPTIMIZATION_LEVEL = 0;
				GCC_PREPROCESSOR_DEFINITIONS = (
					"DEBUG=1",
					"$(inherited)",
				);
				GCC_WARN_64_TO_32_BIT_CONVERSION = YES;
				GCC_WARN_ABOUT_RETURN_TYPE = YES_ERROR;
				GCC_WARN_UNDECLARED_SELECTOR = YES;
				GCC_WARN_UNINITIALIZED_AUTOS = YES_AGGRESSIVE;
				GCC_WARN_UNUSED_FUNCTION = YES;
				GCC_WARN_UNUSED_VARIABLE = YES;
				LOCALIZATION_PREFERS_STRING_CATALOGS = YES;
				MACOSX_DEPLOYMENT_TARGET = 14.7;
				MTL_ENABLE_DEBUG_INFO = INCLUDE_SOURCE;
				MTL_FAST_MATH = YES;
				ONLY_ACTIVE_ARCH = YES;
				SDKROOT = macosx;
				SWIFT_ACTIVE_COMPILATION_CONDITIONS = "DEBUG $(inherited)";
				SWIFT_OPTIMIZATION_LEVEL = "-Onone";
				SWIFT_UPCOMING_FEATURE_GLOBAL_CONCURRENCY = YES;
			};
			name = Debug;
		};
		4389F36D2D00C8A700BE5216 /* Release */ = {
			isa = XCBuildConfiguration;
			buildSettings = {
				ALWAYS_SEARCH_USER_PATHS = NO;
				ASSETCATALOG_COMPILER_GENERATE_SWIFT_ASSET_SYMBOL_EXTENSIONS = YES;
				CLANG_ANALYZER_NONNULL = YES;
				CLANG_ANALYZER_NUMBER_OBJECT_CONVERSION = YES_AGGRESSIVE;
				CLANG_CXX_LANGUAGE_STANDARD = "gnu++20";
				CLANG_ENABLE_MODULES = YES;
				CLANG_ENABLE_OBJC_ARC = YES;
				CLANG_ENABLE_OBJC_WEAK = YES;
				CLANG_WARN_BLOCK_CAPTURE_AUTORELEASING = YES;
				CLANG_WARN_BOOL_CONVERSION = YES;
				CLANG_WARN_COMMA = YES;
				CLANG_WARN_CONSTANT_CONVERSION = YES;
				CLANG_WARN_DEPRECATED_OBJC_IMPLEMENTATIONS = YES;
				CLANG_WARN_DIRECT_OBJC_ISA_USAGE = YES_ERROR;
				CLANG_WARN_DOCUMENTATION_COMMENTS = YES;
				CLANG_WARN_EMPTY_BODY = YES;
				CLANG_WARN_ENUM_CONVERSION = YES;
				CLANG_WARN_INFINITE_RECURSION = YES;
				CLANG_WARN_INT_CONVERSION = YES;
				CLANG_WARN_NON_LITERAL_NULL_CONVERSION = YES;
				CLANG_WARN_OBJC_IMPLICIT_RETAIN_SELF = YES;
				CLANG_WARN_OBJC_LITERAL_CONVERSION = YES;
				CLANG_WARN_OBJC_ROOT_CLASS = YES_ERROR;
				CLANG_WARN_QUOTED_INCLUDE_IN_FRAMEWORK_HEADER = YES;
				CLANG_WARN_RANGE_LOOP_ANALYSIS = YES;
				CLANG_WARN_STRICT_PROTOTYPES = YES;
				CLANG_WARN_SUSPICIOUS_MOVE = YES;
				CLANG_WARN_UNGUARDED_AVAILABILITY = YES_AGGRESSIVE;
				CLANG_WARN_UNREACHABLE_CODE = YES;
				CLANG_WARN__DUPLICATE_METHOD_MATCH = YES;
				COPY_PHASE_STRIP = NO;
				DEAD_CODE_STRIPPING = YES;
				DEBUG_INFORMATION_FORMAT = "dwarf-with-dsym";
				ENABLE_NS_ASSERTIONS = NO;
				ENABLE_STRICT_OBJC_MSGSEND = YES;
				ENABLE_USER_SCRIPT_SANDBOXING = YES;
				FRAMEWORK_SEARCH_PATHS = "$(BUILT_PRODUCTS_DIR)";
				GCC_C_LANGUAGE_STANDARD = gnu17;
				GCC_NO_COMMON_BLOCKS = YES;
				GCC_WARN_64_TO_32_BIT_CONVERSION = YES;
				GCC_WARN_ABOUT_RETURN_TYPE = YES_ERROR;
				GCC_WARN_UNDECLARED_SELECTOR = YES;
				GCC_WARN_UNINITIALIZED_AUTOS = YES_AGGRESSIVE;
				GCC_WARN_UNUSED_FUNCTION = YES;
				GCC_WARN_UNUSED_VARIABLE = YES;
				LOCALIZATION_PREFERS_STRING_CATALOGS = YES;
				MACOSX_DEPLOYMENT_TARGET = 14.7;
				MTL_ENABLE_DEBUG_INFO = NO;
				MTL_FAST_MATH = YES;
				SDKROOT = macosx;
				SWIFT_COMPILATION_MODE = wholemodule;
				SWIFT_UPCOMING_FEATURE_GLOBAL_CONCURRENCY = YES;
			};
			name = Release;
		};
		4389F36F2D00C8A700BE5216 /* Debug */ = {
			isa = XCBuildConfiguration;
			buildSettings = {
				ASSETCATALOG_COMPILER_APPICON_NAME = AppIcon;
				ASSETCATALOG_COMPILER_GLOBAL_ACCENT_COLOR_NAME = AccentColor;
				CODE_SIGN_ENTITLEMENTS = Maestro/Maestro.entitlements;
				CODE_SIGN_STYLE = Automatic;
				COMBINE_HIDPI_IMAGES = YES;
				CURRENT_PROJECT_VERSION = 1;
				DEAD_CODE_STRIPPING = YES;
				DEVELOPMENT_ASSET_PATHS = "\"Maestro/Preview Content\"";
				DEVELOPMENT_TEAM = AA44D8LDXU;
				ENABLE_HARDENED_RUNTIME = YES;
				ENABLE_PREVIEWS = YES;
				GENERATE_INFOPLIST_FILE = YES;
				INFOPLIST_KEY_CFBundleDisplayName = Maestro;
				INFOPLIST_KEY_LSApplicationCategoryType = "public.app-category.productivity";
				INFOPLIST_KEY_NSHumanReadableCopyright = "";
				LD_RUNPATH_SEARCH_PATHS = (
					"$(inherited)",
					"@executable_path/../Frameworks",
				);
				MACOSX_DEPLOYMENT_TARGET = 14.6;
				MARKETING_VERSION = 0.5;
				PRODUCT_BUNDLE_IDENTIFIER = sashalmiimre.Maestro;
				PRODUCT_NAME = "$(TARGET_NAME)";
				SWIFT_EMIT_LOC_STRINGS = YES;
				SWIFT_VERSION = 6.0;
			};
			name = Debug;
		};
		4389F3702D00C8A700BE5216 /* Release */ = {
			isa = XCBuildConfiguration;
			buildSettings = {
				ASSETCATALOG_COMPILER_APPICON_NAME = AppIcon;
				ASSETCATALOG_COMPILER_GLOBAL_ACCENT_COLOR_NAME = AccentColor;
				CODE_SIGN_ENTITLEMENTS = Maestro/Maestro.entitlements;
				CODE_SIGN_STYLE = Automatic;
				COMBINE_HIDPI_IMAGES = YES;
				CURRENT_PROJECT_VERSION = 1;
				DEAD_CODE_STRIPPING = YES;
				DEVELOPMENT_ASSET_PATHS = "\"Maestro/Preview Content\"";
				DEVELOPMENT_TEAM = AA44D8LDXU;
				ENABLE_HARDENED_RUNTIME = YES;
				ENABLE_PREVIEWS = YES;
				GENERATE_INFOPLIST_FILE = YES;
				INFOPLIST_KEY_CFBundleDisplayName = Maestro;
				INFOPLIST_KEY_LSApplicationCategoryType = "public.app-category.productivity";
				INFOPLIST_KEY_NSHumanReadableCopyright = "";
				LD_RUNPATH_SEARCH_PATHS = (
					"$(inherited)",
					"@executable_path/../Frameworks",
				);
				MACOSX_DEPLOYMENT_TARGET = 14.6;
				MARKETING_VERSION = 0.5;
				PRODUCT_BUNDLE_IDENTIFIER = sashalmiimre.Maestro;
				PRODUCT_NAME = "$(TARGET_NAME)";
				SWIFT_EMIT_LOC_STRINGS = YES;
				SWIFT_VERSION = 6.0;
			};
			name = Release;
		};
		4389F3722D00C8A700BE5216 /* Debug */ = {
			isa = XCBuildConfiguration;
			buildSettings = {
				BUNDLE_LOADER = "$(TEST_HOST)";
				CODE_SIGN_STYLE = Automatic;
				CURRENT_PROJECT_VERSION = 1;
				DEAD_CODE_STRIPPING = YES;
				DEVELOPMENT_TEAM = AA44D8LDXU;
				GENERATE_INFOPLIST_FILE = YES;
				MACOSX_DEPLOYMENT_TARGET = 14.7;
				MARKETING_VERSION = 1.0;
				PRODUCT_BUNDLE_IDENTIFIER = sashalmiimre.MaestroTests;
				PRODUCT_NAME = "$(TARGET_NAME)";
				SWIFT_EMIT_LOC_STRINGS = NO;
				SWIFT_VERSION = 5.0;
				TEST_HOST = "$(BUILT_PRODUCTS_DIR)/Maestro.app/$(BUNDLE_EXECUTABLE_FOLDER_PATH)/Maestro";
			};
			name = Debug;
		};
		4389F3732D00C8A700BE5216 /* Release */ = {
			isa = XCBuildConfiguration;
			buildSettings = {
				BUNDLE_LOADER = "$(TEST_HOST)";
				CODE_SIGN_STYLE = Automatic;
				CURRENT_PROJECT_VERSION = 1;
				DEAD_CODE_STRIPPING = YES;
				DEVELOPMENT_TEAM = AA44D8LDXU;
				GENERATE_INFOPLIST_FILE = YES;
				MACOSX_DEPLOYMENT_TARGET = 14.7;
				MARKETING_VERSION = 1.0;
				PRODUCT_BUNDLE_IDENTIFIER = sashalmiimre.MaestroTests;
				PRODUCT_NAME = "$(TARGET_NAME)";
				SWIFT_EMIT_LOC_STRINGS = NO;
				SWIFT_VERSION = 5.0;
				TEST_HOST = "$(BUILT_PRODUCTS_DIR)/Maestro.app/$(BUNDLE_EXECUTABLE_FOLDER_PATH)/Maestro";
			};
			name = Release;
		};
		4389F3752D00C8A700BE5216 /* Debug */ = {
			isa = XCBuildConfiguration;
			buildSettings = {
				CODE_SIGN_STYLE = Automatic;
				CURRENT_PROJECT_VERSION = 1;
				DEAD_CODE_STRIPPING = YES;
				DEVELOPMENT_TEAM = AA44D8LDXU;
				GENERATE_INFOPLIST_FILE = YES;
				MARKETING_VERSION = 1.0;
				PRODUCT_BUNDLE_IDENTIFIER = sashalmiimre.MaestroUITests;
				PRODUCT_NAME = "$(TARGET_NAME)";
				SWIFT_EMIT_LOC_STRINGS = NO;
				SWIFT_VERSION = 5.0;
				TEST_TARGET_NAME = Maestro;
			};
			name = Debug;
		};
		4389F3762D00C8A700BE5216 /* Release */ = {
			isa = XCBuildConfiguration;
			buildSettings = {
				CODE_SIGN_STYLE = Automatic;
				CURRENT_PROJECT_VERSION = 1;
				DEAD_CODE_STRIPPING = YES;
				DEVELOPMENT_TEAM = AA44D8LDXU;
				GENERATE_INFOPLIST_FILE = YES;
				MARKETING_VERSION = 1.0;
				PRODUCT_BUNDLE_IDENTIFIER = sashalmiimre.MaestroUITests;
				PRODUCT_NAME = "$(TARGET_NAME)";
				SWIFT_EMIT_LOC_STRINGS = NO;
				SWIFT_VERSION = 5.0;
				TEST_TARGET_NAME = Maestro;
			};
			name = Release;
		};
		4389F3B12D010C0100BE5216 /* Debug */ = {
			isa = XCBuildConfiguration;
			buildSettings = {
				BUILD_LIBRARY_FOR_DISTRIBUTION = YES;
				CODE_SIGN_IDENTITY = "";
				CODE_SIGN_STYLE = Automatic;
				COMBINE_HIDPI_IMAGES = YES;
				CURRENT_PROJECT_VERSION = 1;
				DEAD_CODE_STRIPPING = YES;
				DEFINES_MODULE = YES;
				DEVELOPMENT_TEAM = AA44D8LDXU;
				DYLIB_COMPATIBILITY_VERSION = 1;
				DYLIB_CURRENT_VERSION = 1;
				DYLIB_INSTALL_NAME_BASE = "@rpath";
				ENABLE_MODULE_VERIFIER = YES;
				GENERATE_INFOPLIST_FILE = YES;
				INFOPLIST_KEY_NSHumanReadableCopyright = "";
				INSTALL_PATH = "$(LOCAL_LIBRARY_DIR)/Frameworks";
				LD_RUNPATH_SEARCH_PATHS = (
					"$(inherited)",
					"@executable_path/../Frameworks",
					"@loader_path/Frameworks",
					"$(PLATFORM_DIR)/Developer/Library/Frameworks",
				);
				MACOSX_DEPLOYMENT_TARGET = 14.0;
				MARKETING_VERSION = 1.0;
				MODULE_VERIFIER_SUPPORTED_LANGUAGES = "objective-c objective-c++";
				MODULE_VERIFIER_SUPPORTED_LANGUAGE_STANDARDS = "gnu17 gnu++20";
				"OTHER_SWIFT_FLAGS[arch=*]" = "-enable-library-evolution";
				PRODUCT_BUNDLE_IDENTIFIER = sashalmiimre.MaestroKit;
				PRODUCT_NAME = "$(TARGET_NAME:c99extidentifier)";
				SKIP_INSTALL = YES;
				SWIFT_EMIT_LOC_STRINGS = YES;
				SWIFT_INSTALL_OBJC_HEADER = NO;
				SWIFT_VERSION = 5.0;
				VERSIONING_SYSTEM = "apple-generic";
				VERSION_INFO_PREFIX = "";
			};
			name = Debug;
		};
		4389F3B22D010C0100BE5216 /* Release */ = {
			isa = XCBuildConfiguration;
			buildSettings = {
				BUILD_LIBRARY_FOR_DISTRIBUTION = YES;
				CODE_SIGN_IDENTITY = "";
				CODE_SIGN_STYLE = Automatic;
				COMBINE_HIDPI_IMAGES = YES;
				CURRENT_PROJECT_VERSION = 1;
				DEAD_CODE_STRIPPING = YES;
				DEFINES_MODULE = YES;
				DEVELOPMENT_TEAM = AA44D8LDXU;
				DYLIB_COMPATIBILITY_VERSION = 1;
				DYLIB_CURRENT_VERSION = 1;
				DYLIB_INSTALL_NAME_BASE = "@rpath";
				ENABLE_MODULE_VERIFIER = YES;
				GENERATE_INFOPLIST_FILE = YES;
				INFOPLIST_KEY_NSHumanReadableCopyright = "";
				INSTALL_PATH = "$(LOCAL_LIBRARY_DIR)/Frameworks";
				LD_RUNPATH_SEARCH_PATHS = (
					"$(inherited)",
					"@executable_path/../Frameworks",
					"@loader_path/Frameworks",
					"$(PLATFORM_DIR)/Developer/Library/Frameworks",
				);
				MACOSX_DEPLOYMENT_TARGET = 14.0;
				MARKETING_VERSION = 1.0;
				MODULE_VERIFIER_SUPPORTED_LANGUAGES = "objective-c objective-c++";
				MODULE_VERIFIER_SUPPORTED_LANGUAGE_STANDARDS = "gnu17 gnu++20";
				"OTHER_SWIFT_FLAGS[arch=*]" = "-enable-library-evolution";
				PRODUCT_BUNDLE_IDENTIFIER = sashalmiimre.MaestroKit;
				PRODUCT_NAME = "$(TARGET_NAME:c99extidentifier)";
				SKIP_INSTALL = YES;
				SWIFT_EMIT_LOC_STRINGS = YES;
				SWIFT_INSTALL_OBJC_HEADER = NO;
				SWIFT_VERSION = 5.0;
				VERSIONING_SYSTEM = "apple-generic";
				VERSION_INFO_PREFIX = "";
			};
			name = Release;
		};
		4389F3B52D010C0100BE5216 /* Debug */ = {
			isa = XCBuildConfiguration;
			buildSettings = {
				CODE_SIGN_STYLE = Automatic;
				CURRENT_PROJECT_VERSION = 1;
				DEAD_CODE_STRIPPING = YES;
				DEVELOPMENT_TEAM = AA44D8LDXU;
				GENERATE_INFOPLIST_FILE = YES;
				MARKETING_VERSION = 1.0;
				PRODUCT_BUNDLE_IDENTIFIER = sashalmiimre.MaestroKitTests;
				PRODUCT_NAME = "$(TARGET_NAME)";
				SWIFT_EMIT_LOC_STRINGS = NO;
				SWIFT_VERSION = 5.0;
				TEST_HOST = "$(BUILT_PRODUCTS_DIR)/Maestro.app/$(BUNDLE_EXECUTABLE_FOLDER_PATH)/Maestro";
			};
			name = Debug;
		};
		4389F3B62D010C0100BE5216 /* Release */ = {
			isa = XCBuildConfiguration;
			buildSettings = {
				CODE_SIGN_STYLE = Automatic;
				CURRENT_PROJECT_VERSION = 1;
				DEAD_CODE_STRIPPING = YES;
				DEVELOPMENT_TEAM = AA44D8LDXU;
				GENERATE_INFOPLIST_FILE = YES;
				MARKETING_VERSION = 1.0;
				PRODUCT_BUNDLE_IDENTIFIER = sashalmiimre.MaestroKitTests;
				PRODUCT_NAME = "$(TARGET_NAME)";
				SWIFT_EMIT_LOC_STRINGS = NO;
				SWIFT_VERSION = 5.0;
				TEST_HOST = "$(BUILT_PRODUCTS_DIR)/Maestro.app/$(BUNDLE_EXECUTABLE_FOLDER_PATH)/Maestro";
			};
			name = Release;
		};
/* End XCBuildConfiguration section */

/* Begin XCConfigurationList section */
		4389F3442D00C8A100BE5216 /* Build configuration list for PBXProject "Maestro" */ = {
			isa = XCConfigurationList;
			buildConfigurations = (
				4389F36C2D00C8A700BE5216 /* Debug */,
				4389F36D2D00C8A700BE5216 /* Release */,
			);
			defaultConfigurationIsVisible = 0;
			defaultConfigurationName = Release;
		};
		4389F36E2D00C8A700BE5216 /* Build configuration list for PBXNativeTarget "Maestro" */ = {
			isa = XCConfigurationList;
			buildConfigurations = (
				4389F36F2D00C8A700BE5216 /* Debug */,
				4389F3702D00C8A700BE5216 /* Release */,
			);
			defaultConfigurationIsVisible = 0;
			defaultConfigurationName = Release;
		};
		4389F3712D00C8A700BE5216 /* Build configuration list for PBXNativeTarget "MaestroTests" */ = {
			isa = XCConfigurationList;
			buildConfigurations = (
				4389F3722D00C8A700BE5216 /* Debug */,
				4389F3732D00C8A700BE5216 /* Release */,
			);
			defaultConfigurationIsVisible = 0;
			defaultConfigurationName = Release;
		};
		4389F3742D00C8A700BE5216 /* Build configuration list for PBXNativeTarget "MaestroUITests" */ = {
			isa = XCConfigurationList;
			buildConfigurations = (
				4389F3752D00C8A700BE5216 /* Debug */,
				4389F3762D00C8A700BE5216 /* Release */,
			);
			defaultConfigurationIsVisible = 0;
			defaultConfigurationName = Release;
		};
		4389F3B02D010C0100BE5216 /* Build configuration list for PBXNativeTarget "MaestroKit" */ = {
			isa = XCConfigurationList;
			buildConfigurations = (
				4389F3B12D010C0100BE5216 /* Debug */,
				4389F3B22D010C0100BE5216 /* Release */,
			);
			defaultConfigurationIsVisible = 0;
			defaultConfigurationName = Release;
		};
		4389F3B42D010C0100BE5216 /* Build configuration list for PBXNativeTarget "MaestroKitTests" */ = {
			isa = XCConfigurationList;
			buildConfigurations = (
				4389F3B52D010C0100BE5216 /* Debug */,
				4389F3B62D010C0100BE5216 /* Release */,
			);
			defaultConfigurationIsVisible = 0;
			defaultConfigurationName = Release;
		};
/* End XCConfigurationList section */

/* Begin XCRemoteSwiftPackageReference section */
		4389F47C2D03529E00BE5216 /* XCRemoteSwiftPackageReference "swift-algorithms" */ = {
			isa = XCRemoteSwiftPackageReference;
			repositoryURL = "https://github.com/apple/swift-algorithms.git";
			requirement = {
				kind = upToNextMajorVersion;
				minimumVersion = 1.2.0;
			};
		};
/* End XCRemoteSwiftPackageReference section */

/* Begin XCSwiftPackageProductDependency section */
		4389F47D2D03536A00BE5216 /* Algorithms */ = {
			isa = XCSwiftPackageProductDependency;
			package = 4389F47C2D03529E00BE5216 /* XCRemoteSwiftPackageReference "swift-algorithms" */;
			productName = Algorithms;
		};
/* End XCSwiftPackageProductDependency section */
	};
	rootObject = 4389F3412D00C8A100BE5216 /* Project object */;
}
